
Microsoft Visual Studio Solution File, Format Version 12.00
# Visual Studio Version 17
VisualStudioVersion = 17.4.33205.214
MinimumVisualStudioVersion = 10.0.40219.1
Project("{FAE04EC0-301F-11D3-BF4B-00C04F79EFBC}") = "BlogPessoal.Web", "BlogPessoal.Web\BlogPessoal.Web.csproj", "{57A264C3-B391-4479-9360-75C5433E522E}"
EndProject
Project("{FAE04EC0-301F-11D3-BF4B-00C04F79EFBC}") = "BlogPessoal.Tests", "BlogPessoal.Tests\BlogPessoal.Tests.csproj", "{FCC11981-3EE5-4428-9E8E-85B43A2260EB}"
EndProject
Global
	GlobalSection(SolutionConfigurationPlatforms) = preSolution
		Debug|Any CPU = Debug|Any CPU
		Release|Any CPU = Release|Any CPU
	EndGlobalSection
	GlobalSection(ProjectConfigurationPlatforms) = postSolution
		{57A264C3-B391-4479-9360-75C5433E522E}.Debug|Any CPU.ActiveCfg = Debug|Any CPU
		{57A264C3-B391-4479-9360-75C5433E522E}.Debug|Any CPU.Build.0 = Debug|Any CPU
		{57A264C3-B391-4479-9360-75C5433E522E}.Release|Any CPU.ActiveCfg = Release|Any CPU
		{57A264C3-B391-4479-9360-75C5433E522E}.Release|Any CPU.Build.0 = Release|Any CPU
		{FCC11981-3EE5-4428-9E8E-85B43A2260EB}.Debug|Any CPU.ActiveCfg = Debug|Any CPU
		{FCC11981-3EE5-4428-9E8E-85B43A2260EB}.Debug|Any CPU.Build.0 = Debug|Any CPU
		{FCC11981-3EE5-4428-9E8E-85B43A2260EB}.Release|Any CPU.ActiveCfg = Release|Any CPU
		{FCC11981-3EE5-4428-9E8E-85B43A2260EB}.Release|Any CPU.Build.0 = Release|Any CPU
	EndGlobalSection
	GlobalSection(SolutionProperties) = preSolution
		HideSolutionNode = FALSE
	EndGlobalSection
	GlobalSection(ExtensibilityGlobals) = postSolution
		SolutionGuid = {052DF30A-B98F-4E21-923D-FBF13C787881}
	EndGlobalSection
EndGlobal
